
Microsoft Visual Studio Solution File, Format Version 12.00
# Visual Studio Version 16
VisualStudioVersion = 16.0.31321.278
MinimumVisualStudioVersion = 10.0.40219.1
Project("{FAE04EC0-301F-11D3-BF4B-00C04F79EFBC}") = "EfEdDb", "EfEdDb\EfEdDb.csproj", "{5DA599AC-D362-4A29-AB14-424E500FEF4B}"
EndProject
Global
	GlobalSection(SolutionConfigurationPlatforms) = preSolution
		Debug|Any CPU = Debug|Any CPU
		Release|Any CPU = Release|Any CPU
	EndGlobalSection
	GlobalSection(ProjectConfigurationPlatforms) = postSolution
		{5DA599AC-D362-4A29-AB14-424E500FEF4B}.Debug|Any CPU.ActiveCfg = Debug|Any CPU
		{5DA599AC-D362-4A29-AB14-424E500FEF4B}.Debug|Any CPU.Build.0 = Debug|Any CPU
		{5DA599AC-D362-4A29-AB14-424E500FEF4B}.Release|Any CPU.ActiveCfg = Release|Any CPU
		{5DA599AC-D362-4A29-AB14-424E500FEF4B}.Release|Any CPU.Build.0 = Release|Any CPU
	EndGlobalSection
	GlobalSection(SolutionProperties) = preSolution
		HideSolutionNode = FALSE
	EndGlobalSection
	GlobalSection(ExtensibilityGlobals) = postSolution
		SolutionGuid = {90615349-AB00-4A49-BE25-57308EBD7CFE}
	EndGlobalSection
EndGlobal
